
Microsoft Visual Studio Solution File, Format Version 12.00
# Visual Studio 15
VisualStudioVersion = 15.0.28307.421
MinimumVisualStudioVersion = 10.0.40219.1
Project("{FAE04EC0-301F-11D3-BF4B-00C04F79EFBC}") = "CalendarLight", "CalendarLight\CalendarLight.csproj", "{15FA8C3A-4764-44DD-AD45-13A5FC701BDE}"
EndProject
Project("{FAE04EC0-301F-11D3-BF4B-00C04F79EFBC}") = "TimeManager", "TimeManager\TimeManager.csproj", "{FEEEDA3B-94E1-4A4D-B094-839D9710D1F2}"
EndProject
Project("{930C7802-8A8C-48F9-8165-68863BCCD9DD}") = "SetupTimeManager", "SetupTimeManager\SetupTimeManager.wixproj", "{8E6110CA-5063-46D8-96E8-5D4F8E37D13A}"
EndProject
Global
	GlobalSection(SolutionConfigurationPlatforms) = preSolution
		Debug|Any CPU = Debug|Any CPU
		Debug|x86 = Debug|x86
		Release|Any CPU = Release|Any CPU
		Release|x86 = Release|x86
	EndGlobalSection
	GlobalSection(ProjectConfigurationPlatforms) = postSolution
		{15FA8C3A-4764-44DD-AD45-13A5FC701BDE}.Debug|Any CPU.ActiveCfg = Debug|Any CPU
		{15FA8C3A-4764-44DD-AD45-13A5FC701BDE}.Debug|Any CPU.Build.0 = Debug|Any CPU
		{15FA8C3A-4764-44DD-AD45-13A5FC701BDE}.Debug|x86.ActiveCfg = Debug|Any CPU
		{15FA8C3A-4764-44DD-AD45-13A5FC701BDE}.Debug|x86.Build.0 = Debug|Any CPU
		{15FA8C3A-4764-44DD-AD45-13A5FC701BDE}.Release|Any CPU.ActiveCfg = Release|Any CPU
		{15FA8C3A-4764-44DD-AD45-13A5FC701BDE}.Release|Any CPU.Build.0 = Release|Any CPU
		{15FA8C3A-4764-44DD-AD45-13A5FC701BDE}.Release|x86.ActiveCfg = Release|Any CPU
		{15FA8C3A-4764-44DD-AD45-13A5FC701BDE}.Release|x86.Build.0 = Release|Any CPU
		{FEEEDA3B-94E1-4A4D-B094-839D9710D1F2}.Debug|Any CPU.ActiveCfg = Debug|Any CPU
		{FEEEDA3B-94E1-4A4D-B094-839D9710D1F2}.Debug|Any CPU.Build.0 = Debug|Any CPU
		{FEEEDA3B-94E1-4A4D-B094-839D9710D1F2}.Debug|x86.ActiveCfg = Debug|Any CPU
		{FEEEDA3B-94E1-4A4D-B094-839D9710D1F2}.Debug|x86.Build.0 = Debug|Any CPU
		{FEEEDA3B-94E1-4A4D-B094-839D9710D1F2}.Release|Any CPU.ActiveCfg = Release|Any CPU
		{FEEEDA3B-94E1-4A4D-B094-839D9710D1F2}.Release|Any CPU.Build.0 = Release|Any CPU
		{FEEEDA3B-94E1-4A4D-B094-839D9710D1F2}.Release|x86.ActiveCfg = Release|Any CPU
		{FEEEDA3B-94E1-4A4D-B094-839D9710D1F2}.Release|x86.Build.0 = Release|Any CPU
		{8E6110CA-5063-46D8-96E8-5D4F8E37D13A}.Debug|Any CPU.ActiveCfg = Debug|x86
		{8E6110CA-5063-46D8-96E8-5D4F8E37D13A}.Debug|x86.ActiveCfg = Debug|x86
		{8E6110CA-5063-46D8-96E8-5D4F8E37D13A}.Debug|x86.Build.0 = Debug|x86
		{8E6110CA-5063-46D8-96E8-5D4F8E37D13A}.Release|Any CPU.ActiveCfg = Release|x86
		{8E6110CA-5063-46D8-96E8-5D4F8E37D13A}.Release|x86.ActiveCfg = Release|x86
		{8E6110CA-5063-46D8-96E8-5D4F8E37D13A}.Release|x86.Build.0 = Release|x86
	EndGlobalSection
	GlobalSection(SolutionProperties) = preSolution
		HideSolutionNode = FALSE
	EndGlobalSection
	GlobalSection(ExtensibilityGlobals) = postSolution
		SolutionGuid = {410BFEFC-ED03-4DAC-A54A-F7696DBE1F2D}
	EndGlobalSection
EndGlobal
